
Microsoft Visual Studio Solution File, Format Version 12.00
# Visual Studio 15
VisualStudioVersion = 15.0.27703.2035
MinimumVisualStudioVersion = 10.0.40219.1
Project("{00D1A9C2-B5F0-4AF3-8072-F6C62B433612}") = "SQLFlow", "SQLFlow\SQLFlow.sqlproj", "{2BBF7710-7196-4E6B-AC04-D8C45A26ADB0}"
EndProject
Project("{2150E333-8FDC-42A3-9474-1A3956D46DE8}") = "Solution Items", "Solution Items", "{7450EEB9-A0CB-41A0-807F-17860ABAB479}"
	ProjectSection(SolutionItems) = preProject
		docs\readme.md = docs\readme.md
	EndProjectSection
EndProject
Project("{FAE04EC0-301F-11D3-BF4B-00C04F79EFBC}") = "SQLFlowDotNet", "SQLFlowDotNet\SQLFlowDotNet.csproj", "{B4CCA36C-236F-4222-93A4-12219652EA55}"
EndProject
Project("{FAE04EC0-301F-11D3-BF4B-00C04F79EFBC}") = "SQLFlowTail", "SQLFlowTail\SQLFlowTail.csproj", "{5407A13E-F4CF-4BF5-B2B5-60E35431613F}"
EndProject
Global
	GlobalSection(SolutionConfigurationPlatforms) = preSolution
		Debug|Any CPU = Debug|Any CPU
		Development|Any CPU = Development|Any CPU
		Release|Any CPU = Release|Any CPU
	EndGlobalSection
	GlobalSection(ProjectConfigurationPlatforms) = postSolution
		{2BBF7710-7196-4E6B-AC04-D8C45A26ADB0}.Debug|Any CPU.ActiveCfg = Debug|Any CPU
		{2BBF7710-7196-4E6B-AC04-D8C45A26ADB0}.Debug|Any CPU.Build.0 = Debug|Any CPU
		{2BBF7710-7196-4E6B-AC04-D8C45A26ADB0}.Debug|Any CPU.Deploy.0 = Debug|Any CPU
		{2BBF7710-7196-4E6B-AC04-D8C45A26ADB0}.Development|Any CPU.ActiveCfg = Debug|Any CPU
		{2BBF7710-7196-4E6B-AC04-D8C45A26ADB0}.Development|Any CPU.Build.0 = Debug|Any CPU
		{2BBF7710-7196-4E6B-AC04-D8C45A26ADB0}.Development|Any CPU.Deploy.0 = Debug|Any CPU
		{2BBF7710-7196-4E6B-AC04-D8C45A26ADB0}.Release|Any CPU.ActiveCfg = Release|Any CPU
		{2BBF7710-7196-4E6B-AC04-D8C45A26ADB0}.Release|Any CPU.Build.0 = Release|Any CPU
		{2BBF7710-7196-4E6B-AC04-D8C45A26ADB0}.Release|Any CPU.Deploy.0 = Release|Any CPU
		{B4CCA36C-236F-4222-93A4-12219652EA55}.Debug|Any CPU.ActiveCfg = Debug|Any CPU
		{B4CCA36C-236F-4222-93A4-12219652EA55}.Debug|Any CPU.Build.0 = Debug|Any CPU
		{B4CCA36C-236F-4222-93A4-12219652EA55}.Development|Any CPU.ActiveCfg = Debug|Any CPU
		{B4CCA36C-236F-4222-93A4-12219652EA55}.Development|Any CPU.Build.0 = Debug|Any CPU
		{B4CCA36C-236F-4222-93A4-12219652EA55}.Release|Any CPU.ActiveCfg = Release|Any CPU
		{B4CCA36C-236F-4222-93A4-12219652EA55}.Release|Any CPU.Build.0 = Release|Any CPU
		{5407A13E-F4CF-4BF5-B2B5-60E35431613F}.Debug|Any CPU.ActiveCfg = Debug|Any CPU
		{5407A13E-F4CF-4BF5-B2B5-60E35431613F}.Debug|Any CPU.Build.0 = Debug|Any CPU
		{5407A13E-F4CF-4BF5-B2B5-60E35431613F}.Development|Any CPU.ActiveCfg = Debug|Any CPU
		{5407A13E-F4CF-4BF5-B2B5-60E35431613F}.Development|Any CPU.Build.0 = Debug|Any CPU
		{5407A13E-F4CF-4BF5-B2B5-60E35431613F}.Release|Any CPU.ActiveCfg = Release|Any CPU
		{5407A13E-F4CF-4BF5-B2B5-60E35431613F}.Release|Any CPU.Build.0 = Release|Any CPU
	EndGlobalSection
	GlobalSection(SolutionProperties) = preSolution
		HideSolutionNode = FALSE
	EndGlobalSection
	GlobalSection(ExtensibilityGlobals) = postSolution
		SolutionGuid = {91FD449A-33DF-4177-8F70-7EC121F2D969}
	EndGlobalSection
EndGlobal
